{
  "name": "PowerPC-Station",
  "lockfileVersion": 3,
  "requires": true,
  "packages": {
    "": {
      "dependencies": {
        "@stripe/stripe-js": "^4.5.0"
      }
    },
    "node_modules/@stripe/stripe-js": {
      "version": "4.5.0",
      "resolved": "https://registry.npmjs.org/@stripe/stripe-js/-/stripe-js-4.5.0.tgz",
      "integrity": "sha512-dMOzc58AOlsF20nYM/avzV8RFhO/vgYTY7ajLMH6mjlnZysnOHZxsECQvjEmL8Q/ukPwHkOnxSPW/QGCCnp7XA==",
      "license": "MIT",
      "engines": {
        "node": ">=12.16"
      }
    }
  }
}
